
Microsoft Visual Studio Solution File, Format Version 12.00
# Visual Studio Version 16
VisualStudioVersion = 16.0.31624.102
MinimumVisualStudioVersion = 10.0.40219.1
Project("{FAE04EC0-301F-11D3-BF4B-00C04F79EFBC}") = "Sistema Heladeria", "Sistema Heladeria\Sistema Heladeria.csproj", "{F3908744-EF6F-46CD-BF24-6665B6964EDA}"
EndProject
Global
	GlobalSection(SolutionConfigurationPlatforms) = preSolution
		Debug|Any CPU = Debug|Any CPU
		Release|Any CPU = Release|Any CPU
	EndGlobalSection
	GlobalSection(ProjectConfigurationPlatforms) = postSolution
		{F3908744-EF6F-46CD-BF24-6665B6964EDA}.Debug|Any CPU.ActiveCfg = Debug|Any CPU
		{F3908744-EF6F-46CD-BF24-6665B6964EDA}.Debug|Any CPU.Build.0 = Debug|Any CPU
		{F3908744-EF6F-46CD-BF24-6665B6964EDA}.Release|Any CPU.ActiveCfg = Release|Any CPU
		{F3908744-EF6F-46CD-BF24-6665B6964EDA}.Release|Any CPU.Build.0 = Release|Any CPU
	EndGlobalSection
	GlobalSection(SolutionProperties) = preSolution
		HideSolutionNode = FALSE
	EndGlobalSection
	GlobalSection(ExtensibilityGlobals) = postSolution
		SolutionGuid = {4CE90843-899B-4219-ACC8-169687C169B8}
	EndGlobalSection
EndGlobal
